github.com/golang/protobuf v1.5.2 h1:ROPKBNFfQgOUMifHyP+KYbvpjbdoFNs+aK7DXlji0Tw=
github.com/golang/protobuf v1.5.2/go.mod h1:XVQd3VNwM+JqD3oG2Ue2ip4fOMUkwXdXDdiuN0vRsmY=
github.com/heroiclabs/nakama-common v1.20.0 h1:5tgLPp/1G16xouwpegTVI7u9T1EWBn4vYwLIV7Do7jU=
github.com/heroiclabs/nakama-common v1.20.0/go.mod h1:jzIGV5bI45ALRQFzHPkJn4Z0tV+xhtho1+pZhOXVAsk=
google.golang.org/protobuf v1.27.1 h1:SnqbnDw1V7RiZcXPx5MEeqPv2s79L9i7BJUlG/+RurQ=
google.golang.org/protobuf v1.27.1/go.mod h1:9q0QmTI4eRPtz6boOQmLYwt+qCgq0jsYwAQnmE0givc=
